lockfileVersion: '6.0'

settings:
  autoInstallPeers: true
  excludeLinksFromLockfile: false

dependencies:
  '@tanstack/react-query':
    specifier: ^5.97.0
    version: 5.97.0(react@19.2.5)
  ky:
    specifier: ^2.0.0
    version: 2.0.0
  react:
    specifier: ^19.2.4
    version: 19.2.5
  react-dom:
    specifier: ^19.2.4
    version: 19.2.5(react@19.2.5)
  react-router-dom:
    specifier: ^7.14.0
    version: 7.14.0(react-dom@19.2.5)(react@19.2.5)
  zod:
    specifier: ^4.3.6
    version: 4.3.6

devDependencies:
  '@biomejs/biome':
    specifier: ^2.4.8
    version: 2.4.11
  '@tanstack/react-query-devtools':
    specifier: ^5.97.0
    version: 5.97.0(@tanstack/react-query@5.97.0)(react@19.2.5)
  '@types/node':
    specifier: ^25.5.0
    version: 25.6.0
  '@types/react':
    specifier: ^19.2.14
    version: 19.2.14
  '@types/react-dom':
    specifier: ^19.2.3
    version: 19.2.3(@types/react@19.2.14)
  '@vitejs/plugin-react':
    specifier: ^6.0.1
    version: 6.0.1(vite@8.0.8)
  msw:
    specifier: ^2.12.14
    version: 2.13.2(@types/node@25.6.0)(typescript@5.9.3)
  typescript:
    specifier: ~5.9.3
    version: 5.9.3
  vite:
    specifier: ^8.0.1
    version: 8.0.8(@types/node@25.6.0)

packages:

  /@biomejs/biome@2.4.11:
    resolution: {integrity: sha512-nWxHX8tf3Opb/qRgZpBbsTOqOodkbrkJ7S+JxJAruxOReaDPPmPuLBAGQ8vigyUgo0QBB+oQltNEAvalLcjggA==}
    engines: {node: '>=14.21.3'}
    hasBin: true
    optionalDependencies:
      '@biomejs/cli-darwin-arm64': 2.4.11
      '@biomejs/cli-darwin-x64': 2.4.11
      '@biomejs/cli-linux-arm64': 2.4.11
      '@biomejs/cli-linux-arm64-musl': 2.4.11
      '@biomejs/cli-linux-x64': 2.4.11
      '@biomejs/cli-linux-x64-musl': 2.4.11
      '@biomejs/cli-win32-arm64': 2.4.11
      '@biomejs/cli-win32-x64': 2.4.11
    dev: true

  /@biomejs/cli-darwin-arm64@2.4.11:
    resolution: {integrity: sha512-wOt+ed+L2dgZanWyL6i29qlXMc088N11optzpo10peayObBaAshbTcxKUchzEMp9QSY8rh5h6VfAFE3WTS1rqg==}
    engines: {node: '>=14.21.3'}
    cpu: [arm64]
    os: [darwin]
    requiresBuild: true
    dev: true
    optional: true

  /@biomejs/cli-darwin-x64@2.4.11:
    resolution: {integrity: sha512-gZ6zR8XmZlExfi/Pz/PffmdpWOQ8Qhy7oBztgkR8/ylSRyLwfRPSadmiVCV8WQ8PoJ2MWUy2fgID9zmtgUUJmw==}
    engines: {node: '>=14.21.3'}
    cpu: [x64]
    os: [darwin]
    requiresBuild: true
    dev: true
    optional: true

  /@biomejs/cli-linux-arm64-musl@2.4.11:
    resolution: {integrity: sha512-+Sbo1OAmlegtdwqFE8iOxFIWLh1B3OEgsuZfBpyyN/kWuqZ8dx9ZEes6zVnDMo+zRHF2wLynRVhoQmV7ohxl2Q==}
    engines: {node: '>=14.21.3'}
    cpu: [arm64]
    os: [linux]
    requiresBuild: true
    dev: true
    optional: true

  /@biomejs/cli-linux-arm64@2.4.11:
    resolution: {integrity: sha512-avdJaEElXrKceK0va9FkJ4P5ci3N01TGkc6ni3P8l3BElqbOz42Wg2IyX3gbh0ZLEd4HVKEIrmuVu/AMuSeFFA==}
    engines: {node: '>=14.21.3'}
    cpu: [arm64]
    os: [linux]
    requiresBuild: true
    dev: true
    optional: true

  /@biomejs/cli-linux-x64-musl@2.4.11:
    resolution: {integrity: sha512-bexd2IklK7ZgPhrz6jXzpIL6dEAH9MlJU1xGTrypx+FICxrXUp4CqtwfiuoDKse+UlgAlWtzML3jrMqeEAHEhA==}
    engines: {node: '>=14.21.3'}
    cpu: [x64]
    os: [linux]
    requiresBuild: true
    dev: true
    optional: true

  /@biomejs/cli-linux-x64@2.4.11:
    resolution: {integrity: sha512-TagWV0iomp5LnEnxWFg4nQO+e52Fow349vaX0Q/PIcX6Zhk4GGBgp3qqZ8PVkpC+cuehRctMf3+6+FgQ8jCEFQ==}
    engines: {node: '>=14.21.3'}
    cpu: [x64]
    os: [linux]
    requiresBuild: true
    dev: true
    optional: true

  /@biomejs/cli-win32-arm64@2.4.11:
    resolution: {integrity: sha512-RJhaTnY8byzxDt4bDVb7AFPHkPcjOPK3xBip4ZRTrN3TEfyhjLRm3r3mqknqydgVTB74XG8l4jMLwEACEeihVg==}
    engines: {node: '>=14.21.3'}
    cpu: [arm64]
    os: [win32]
    requiresBuild: true
    dev: true
    optional: true

  /@biomejs/cli-win32-x64@2.4.11:
    resolution: {integrity: sha512-A8D3JM/00C2KQgUV3oj8Ba15EHEYwebAGCy5Sf9GAjr5Y3+kJIYOiESoqRDeuRZueuMdCsbLZIUqmPhpYXJE9A==}
    engines: {node: '>=14.21.3'}
    cpu: [x64]
    os: [win32]
    requiresBuild: true
    dev: true
    optional: true

  /@emnapi/core@1.9.2:
    resolution: {integrity: sha512-UC+ZhH3XtczQYfOlu3lNEkdW/p4dsJ1r/bP7H8+rhao3TTTMO1ATq/4DdIi23XuGoFY+Cz0JmCbdVl0hz9jZcA==}
    requiresBuild: true
    dependencies:
      '@emnapi/wasi-threads': 1.2.1
      tslib: 2.8.1
    dev: true
    optional: true

  /@emnapi/runtime@1.9.2:
    resolution: {integrity: sha512-3U4+MIWHImeyu1wnmVygh5WlgfYDtyf0k8AbLhMFxOipihf6nrWC4syIm/SwEeec0mNSafiiNnMJwbza/Is6Lw==}
    requiresBuild: true
    dependencies:
      tslib: 2.8.1
    dev: true
    optional: true

  /@emnapi/wasi-threads@1.2.1:
    resolution: {integrity: sha512-uTII7OYF+/Mes/MrcIOYp5yOtSMLBWSIoLPpcgwipoiKbli6k322tcoFsxoIIxPDqW01SQGAgko4EzZi2BNv2w==}
    requiresBuild: true
    dependencies:
      tslib: 2.8.1
    dev: true
    optional: true

  /@inquirer/ansi@1.0.2:
    resolution: {integrity: sha512-S8qNSZiYzFd0wAcyG5AXCvUHC5Sr7xpZ9wZ2py9XR88jUz8wooStVx5M6dRzczbBWjic9NP7+rY0Xi7qqK/aMQ==}
    engines: {node: '>=18'}
    dev: true

  /@inquirer/confirm@5.1.21(@types/node@25.6.0):
    resolution: {integrity: sha512-KR8edRkIsUayMXV+o3Gv+q4jlhENF9nMYUZs9PA2HzrXeHI8M5uDag70U7RJn9yyiMZSbtF5/UexBtAVtZGSbQ==}
    engines: {node: '>=18'}
    peerDependencies:
      '@types/node': '>=18'
    peerDependenciesMeta:
      '@types/node':
        optional: true
    dependencies:
      '@inquirer/core': 10.3.2(@types/node@25.6.0)
      '@inquirer/type': 3.0.10(@types/node@25.6.0)
      '@types/node': 25.6.0
    dev: true

  /@inquirer/core@10.3.2(@types/node@25.6.0):
    resolution: {integrity: sha512-43RTuEbfP8MbKzedNqBrlhhNKVwoK//vUFNW3Q3vZ88BLcrs4kYpGg+B2mm5p2K/HfygoCxuKwJJiv8PbGmE0A==}
    engines: {node: '>=18'}
    peerDependencies:
      '@types/node': '>=18'
    peerDependenciesMeta:
      '@types/node':
        optional: true
    dependencies:
      '@inquirer/ansi': 1.0.2
      '@inquirer/figures': 1.0.15
      '@inquirer/type': 3.0.10(@types/node@25.6.0)
      '@types/node': 25.6.0
      cli-width: 4.1.0
      mute-stream: 2.0.0
      signal-exit: 4.1.0
      wrap-ansi: 6.2.0
      yoctocolors-cjs: 2.1.3
    dev: true

  /@inquirer/figures@1.0.15:
    resolution: {integrity: sha512-t2IEY+unGHOzAaVM5Xx6DEWKeXlDDcNPeDyUpsRc6CUhBfU3VQOEl+Vssh7VNp1dR8MdUJBWhuObjXCsVpjN5g==}
    engines: {node: '>=18'}
    dev: true

  /@inquirer/type@3.0.10(@types/node@25.6.0):
    resolution: {integrity: sha512-BvziSRxfz5Ov8ch0z/n3oijRSEcEsHnhggm4xFZe93DHcUCTlutlq9Ox4SVENAfcRD22UQq7T/atg9Wr3k09eA==}
    engines: {node: '>=18'}
    peerDependencies:
      '@types/node': '>=18'
    peerDependenciesMeta:
      '@types/node':
        optional: true
    dependencies:
      '@types/node': 25.6.0
    dev: true

  /@mswjs/interceptors@0.41.3:
    resolution: {integrity: sha512-cXu86tF4VQVfwz8W1SPbhoRyHJkti6mjH/XJIxp40jhO4j2k1m4KYrEykxqWPkFF3vrK4rgQppBh//AwyGSXPA==}
    engines: {node: '>=18'}
    dependencies:
      '@open-draft/deferred-promise': 2.2.0
      '@open-draft/logger': 0.3.0
      '@open-draft/until': 2.1.0
      is-node-process: 1.2.0
      outvariant: 1.4.3
      strict-event-emitter: 0.5.1
    dev: true

  /@napi-rs/wasm-runtime@1.1.3(@emnapi/core@1.9.2)(@emnapi/runtime@1.9.2):
    resolution: {integrity: sha512-xK9sGVbJWYb08+mTJt3/YV24WxvxpXcXtP6B172paPZ+Ts69Re9dAr7lKwJoeIx8OoeuimEiRZ7umkiUVClmmQ==}
    requiresBuild: true
    peerDependencies:
      '@emnapi/core': ^1.7.1
      '@emnapi/runtime': ^1.7.1
    dependencies:
      '@emnapi/core': 1.9.2
      '@emnapi/runtime': 1.9.2
      '@tybys/wasm-util': 0.10.1
    dev: true
    optional: true

  /@open-draft/deferred-promise@2.2.0:
    resolution: {integrity: sha512-CecwLWx3rhxVQF6V4bAgPS5t+So2sTbPgAzafKkVizyi7tlwpcFpdFqq+wqF2OwNBmqFuu6tOyouTuxgpMfzmA==}
    dev: true

  /@open-draft/logger@0.3.0:
    resolution: {integrity: sha512-X2g45fzhxH238HKO4xbSr7+wBS8Fvw6ixhTDuvLd5mqh6bJJCFAPwU9mPDxbcrRtfxv4u5IHCEH77BmxvXmmxQ==}
    dependencies:
      is-node-process: 1.2.0
      outvariant: 1.4.3
    dev: true

  /@open-draft/until@2.1.0:
    resolution: {integrity: sha512-U69T3ItWHvLwGg5eJ0n3I62nWuE6ilHlmz7zM0npLBRvPRd7e6NYmg54vvRtP5mZG7kZqZCFVdsTWo7BPtBujg==}
    dev: true

  /@oxc-project/types@0.124.0:
    resolution: {integrity: sha512-VBFWMTBvHxS11Z5Lvlr3IWgrwhMTXV+Md+EQF0Xf60+wAdsGFTBx7X7K/hP4pi8N7dcm1RvcHwDxZ16Qx8keUg==}
    dev: true

  /@rolldown/binding-android-arm64@1.0.0-rc.15:
    resolution: {integrity: sha512-YYe6aWruPZDtHNpwu7+qAHEMbQ/yRl6atqb/AhznLTnD3UY99Q1jE7ihLSahNWkF4EqRPVC4SiR4O0UkLK02tA==}
    engines: {node: ^20.19.0 || >=22.12.0}
    cpu: [arm64]
    os: [android]
    requiresBuild: true
    dev: true
    optional: true

  /@rolldown/binding-darwin-arm64@1.0.0-rc.15:
    resolution: {integrity: sha512-oArR/ig8wNTPYsXL+Mzhs0oxhxfuHRfG7Ikw7jXsw8mYOtk71W0OkF2VEVh699pdmzjPQsTjlD1JIOoHkLP1Fg==}
    engines: {node: ^20.19.0 || >=22.12.0}
    cpu: [arm64]
    os: [darwin]
    requiresBuild: true
    dev: true
    optional: true

  /@rolldown/binding-darwin-x64@1.0.0-rc.15:
    resolution: {integrity: sha512-YzeVqOqjPYvUbJSWJ4EDL8ahbmsIXQpgL3JVipmN+MX0XnXMeWomLN3Fb+nwCmP/jfyqte5I3XRSm7OfQrbyxw==}
    engines: {node: ^20.19.0 || >=22.12.0}
    cpu: [x64]
    os: [darwin]
    requiresBuild: true
    dev: true
    optional: true

  /@rolldown/binding-freebsd-x64@1.0.0-rc.15:
    resolution: {integrity: sha512-9Erhx956jeQ0nNTyif1+QWAXDRD38ZNjr//bSHrt6wDwB+QkAfl2q6Mn1k6OBPerznjRmbM10lgRb1Pli4xZPw==}
    engines: {node: ^20.19.0 || >=22.12.0}
    cpu: [x64]
    os: [freebsd]
    requiresBuild: true
    dev: true
    optional: true

  /@rolldown/binding-linux-arm-gnueabihf@1.0.0-rc.15:
    resolution: {integrity: sha512-cVwk0w8QbZJGTnP/AHQBs5yNwmpgGYStL88t4UIaqcvYJWBfS0s3oqVLZPwsPU6M0zlW4GqjP0Zq5MnAGwFeGA==}
    engines: {node: ^20.19.0 || >=22.12.0}
    cpu: [arm]
    os: [linux]
    requiresBuild: true
    dev: true
    optional: true

  /@rolldown/binding-linux-arm64-gnu@1.0.0-rc.15:
    resolution: {integrity: sha512-eBZ/u8iAK9SoHGanqe/jrPnY0JvBN6iXbVOsbO38mbz+ZJsaobExAm1Iu+rxa4S1l2FjG0qEZn4Rc6X8n+9M+w==}
    engines: {node: ^20.19.0 || >=22.12.0}
    cpu: [arm64]
    os: [linux]
    requiresBuild: true
    dev: true
    optional: true

  /@rolldown/binding-linux-arm64-musl@1.0.0-rc.15:
    resolution: {integrity: sha512-ZvRYMGrAklV9PEkgt4LQM6MjQX2P58HPAuecwYObY2DhS2t35R0I810bKi0wmaYORt6m/2Sm+Z+nFgb0WhXNcQ==}
    engines: {node: ^20.19.0 || >=22.12.0}
    cpu: [arm64]
    os: [linux]
    requiresBuild: true
    dev: true
    optional: true

  /@rolldown/binding-linux-ppc64-gnu@1.0.0-rc.15:
    resolution: {integrity: sha512-VDpgGBzgfg5hLg+uBpCLoFG5kVvEyafmfxGUV0UHLcL5irxAK7PKNeC2MwClgk6ZAiNhmo9FLhRYgvMmedLtnQ==}
    engines: {node: ^20.19.0 || >=22.12.0}
    cpu: [ppc64]
    os: [linux]
    requiresBuild: true
    dev: true
    optional: true

  /@rolldown/binding-linux-s390x-gnu@1.0.0-rc.15:
    resolution: {integrity: sha512-y1uXY3qQWCzcPgRJATPSOUP4tCemh4uBdY7e3EZbVwCJTY3gLJWnQABgeUetvED+bt1FQ01OeZwvhLS2bpNrAQ==}
    engines: {node: ^20.19.0 || >=22.12.0}
    cpu: [s390x]
    os: [linux]
    requiresBuild: true
    dev: true
    optional: true

  /@rolldown/binding-linux-x64-gnu@1.0.0-rc.15:
    resolution: {integrity: sha512-023bTPBod7J3Y/4fzAN6QtpkSABR0rigtrwaP+qSEabUh5zf6ELr9Nc7GujaROuPY3uwdSIXWrvhn1KxOvurWA==}
    engines: {node: ^20.19.0 || >=22.12.0}
    cpu: [x64]
    os: [linux]
    requiresBuild: true
    dev: true
    optional: true

  /@rolldown/binding-linux-x64-musl@1.0.0-rc.15:
    resolution: {integrity: sha512-witB2O0/hU4CgfOOKUoeFgQ4GktPi1eEbAhaLAIpgD6+ZnhcPkUtPsoKKHRzmOoWPZue46IThdSgdo4XneOLYw==}
    engines: {node: ^20.19.0 || >=22.12.0}
    cpu: [x64]
    os: [linux]
    requiresBuild: true
    dev: true
    optional: true

  /@rolldown/binding-openharmony-arm64@1.0.0-rc.15:
    resolution: {integrity: sha512-UCL68NJ0Ud5zRipXZE9dF5PmirzJE4E4BCIOOssEnM7wLDsxjc6Qb0sGDxTNRTP53I6MZpygyCpY8Aa8sPfKPg==}
    engines: {node: ^20.19.0 || >=22.12.0}
    cpu: [arm64]
    os: [openharmony]
    requiresBuild: true
    dev: true
    optional: true

  /@rolldown/binding-wasm32-wasi@1.0.0-rc.15:
    resolution: {integrity: sha512-ApLruZq/ig+nhaE7OJm4lDjayUnOHVUa77zGeqnqZ9pn0ovdVbbNPerVibLXDmWeUZXjIYIT8V3xkT58Rm9u5Q==}
    engines: {node: '>=14.0.0'}
    cpu: [wasm32]
    requiresBuild: true
    dependencies:
      '@emnapi/core': 1.9.2
      '@emnapi/runtime': 1.9.2
      '@napi-rs/wasm-runtime': 1.1.3(@emnapi/core@1.9.2)(@emnapi/runtime@1.9.2)
    dev: true
    optional: true

  /@rolldown/binding-win32-arm64-msvc@1.0.0-rc.15:
    resolution: {integrity: sha512-KmoUoU7HnN+Si5YWJigfTws1jz1bKBYDQKdbLspz0UaqjjFkddHsqorgiW1mxcAj88lYUE6NC/zJNwT+SloqtA==}
    engines: {node: ^20.19.0 || >=22.12.0}
    cpu: [arm64]
    os: [win32]
    requiresBuild: true
    dev: true
    optional: true

  /@rolldown/binding-win32-x64-msvc@1.0.0-rc.15:
    resolution: {integrity: sha512-3P2A8L+x75qavWLe/Dll3EYBJLQmtkJN8rfh+U/eR3MqMgL/h98PhYI+JFfXuDPgPeCB7iZAKiqii5vqOvnA0g==}
    engines: {node: ^20.19.0 || >=22.12.0}
    cpu: [x64]
    os: [win32]
    requiresBuild: true
    dev: true
    optional: true

  /@rolldown/pluginutils@1.0.0-rc.15:
    resolution: {integrity: sha512-UromN0peaE53IaBRe9W7CjrZgXl90fqGpK+mIZbA3qSTeYqg3pqpROBdIPvOG3F5ereDHNwoHBI2e50n1BDr1g==}
    dev: true

  /@rolldown/pluginutils@1.0.0-rc.7:
    resolution: {integrity: sha512-qujRfC8sFVInYSPPMLQByRh7zhwkGFS4+tyMQ83srV1qrxL4g8E2tyxVVyxd0+8QeBM1mIk9KbWxkegRr76XzA==}
    dev: true

  /@tanstack/query-core@5.97.0:
    resolution: {integrity: sha512-QdpLP5VzVMgo4VtaPppRA2W04UFjIqX+bxke/ZJhE5cfd5UPkRzqIAJQt9uXkQJjqE8LBOMbKv7f8HCsZltXlg==}

  /@tanstack/query-devtools@5.97.0:
    resolution: {integrity: sha512-ZMjAuYhQCKwKLKFMrD+HJDehHwWBVTGOuWBf4vEjR9unO+UGUjQ1mw2TuVbQKoLN/eRwB7qtlPsWBqobBoRBMQ==}
    dev: true

  /@tanstack/react-query-devtools@5.97.0(@tanstack/react-query@5.97.0)(react@19.2.5):
    resolution: {integrity: sha512-X4/VZKCbBIRj8cVD/oZCKTwwPmFXrY1VOfwUT5qI/+/JZYAUS+8vGNMqwBXbaAu1ZsVzzDzkT/wtBE/5OtQYGg==}
    peerDependencies:
      '@tanstack/react-query': ^5.97.0
      react: ^18 || ^19
    dependencies:
      '@tanstack/query-devtools': 5.97.0
      '@tanstack/react-query': 5.97.0(react@19.2.5)
      react: 19.2.5
    dev: true

  /@tanstack/react-query@5.97.0(react@19.2.5):
    resolution: {integrity: sha512-y4So4eGcQoK2WVMAcDNZE9ofB/p5v1OlKvtc1F3uqHwrtifobT7q+ZnXk2mRkc8E84HKYSlAE9z6HXl2V0+ySQ==}
    peerDependencies:
      react: ^18 || ^19
    dependencies:
      '@tanstack/query-core': 5.97.0
      react: 19.2.5

  /@tybys/wasm-util@0.10.1:
    resolution: {integrity: sha512-9tTaPJLSiejZKx+Bmog4uSubteqTvFrVrURwkmHixBo0G4seD0zUxp98E1DzUBJxLQ3NPwXrGKDiVjwx/DpPsg==}
    requiresBuild: true
    dependencies:
      tslib: 2.8.1
    dev: true
    optional: true

  /@types/node@25.6.0:
    resolution: {integrity: sha512-+qIYRKdNYJwY3vRCZMdJbPLJAtGjQBudzZzdzwQYkEPQd+PJGixUL5QfvCLDaULoLv+RhT3LDkwEfKaAkgSmNQ==}
    dependencies:
      undici-types: 7.19.2
    dev: true

  /@types/react-dom@19.2.3(@types/react@19.2.14):
    resolution: {integrity: sha512-jp2L/eY6fn+KgVVQAOqYItbF0VY/YApe5Mz2F0aykSO8gx31bYCZyvSeYxCHKvzHG5eZjc+zyaS5BrBWya2+kQ==}
    peerDependencies:
      '@types/react': ^19.2.0
    dependencies:
      '@types/react': 19.2.14
    dev: true

  /@types/react@19.2.14:
    resolution: {integrity: sha512-ilcTH/UniCkMdtexkoCN0bI7pMcJDvmQFPvuPvmEaYA/NSfFTAgdUSLAoVjaRJm7+6PvcM+q1zYOwS4wTYMF9w==}
    dependencies:
      csstype: 3.2.3
    dev: true

  /@types/statuses@2.0.6:
    resolution: {integrity: sha512-xMAgYwceFhRA2zY+XbEA7mxYbA093wdiW8Vu6gZPGWy9cmOyU9XesH1tNcEWsKFd5Vzrqx5T3D38PWx1FIIXkA==}
    dev: true

  /@vitejs/plugin-react@6.0.1(vite@8.0.8):
    resolution: {integrity: sha512-l9X/E3cDb+xY3SWzlG1MOGt2usfEHGMNIaegaUGFsLkb3RCn/k8/TOXBcab+OndDI4TBtktT8/9BwwW8Vi9KUQ==}
    engines: {node: ^20.19.0 || >=22.12.0}
    peerDependencies:
      '@rolldown/plugin-babel': ^0.1.7 || ^0.2.0
      babel-plugin-react-compiler: ^1.0.0
      vite: ^8.0.0
    peerDependenciesMeta:
      '@rolldown/plugin-babel':
        optional: true
      babel-plugin-react-compiler:
        optional: true
    dependencies:
      '@rolldown/pluginutils': 1.0.0-rc.7
      vite: 8.0.8(@types/node@25.6.0)
    dev: true

  /ansi-regex@5.0.1:
    resolution: {integrity: sha512-quJQXlTSUGL2LH9SUXo8VwsY4soanhgo6LNSm84E1LBcE8s3O0wpdiRzyR9z/ZZJMlMWv37qOOb9pdJlMUEKFQ==}
    engines: {node: '>=8'}
    dev: true

  /ansi-styles@4.3.0:
    resolution: {integrity: sha512-zbB9rCJAT1rbjiVDb2hqKFHNYLxgtk8NURxZ3IZwD3F6NtxbXZQCnnSi1Lkx+IDohdPlFp222wVALIheZJQSEg==}
    engines: {node: '>=8'}
    dependencies:
      color-convert: 2.0.1
    dev: true

  /cli-width@4.1.0:
    resolution: {integrity: sha512-ouuZd4/dm2Sw5Gmqy6bGyNNNe1qt9RpmxveLSO7KcgsTnU7RXfsw+/bukWGo1abgBiMAic068rclZsO4IWmmxQ==}
    engines: {node: '>= 12'}
    dev: true

  /cliui@8.0.1:
    resolution: {integrity: sha512-BSeNnyus75C4//NQ9gQt1/csTXyo/8Sb+afLAkzAptFuMsod9HFokGNudZpi/oQV73hnVK+sR+5PVRMd+Dr7YQ==}
    engines: {node: '>=12'}
    dependencies:
      string-width: 4.2.3
      strip-ansi: 6.0.1
      wrap-ansi: 7.0.0
    dev: true

  /color-convert@2.0.1:
    resolution: {integrity: sha512-RRECPsj7iu/xb5oKYcsFHSppFNnsj/52OVTRKb4zP5onXwVF3zVmmToNcOfGC+CRDpfK/U584fMg38ZHCaElKQ==}
    engines: {node: '>=7.0.0'}
    dependencies:
      color-name: 1.1.4
    dev: true

  /color-name@1.1.4:
    resolution: {integrity: sha512-dOy+3AuW3a2wNbZHIuMZpTcgjGuLU/uBL/ubcZF9OXbDo8ff4O8yVp5Bf0efS8uEoYo5q4Fx7dY9OgQGXgAsQA==}
    dev: true

  /cookie@1.1.1:
    resolution: {integrity: sha512-ei8Aos7ja0weRpFzJnEA9UHJ/7XQmqglbRwnf2ATjcB9Wq874VKH9kfjjirM6UhU2/E5fFYadylyhFldcqSidQ==}
    engines: {node: '>=18'}

  /csstype@3.2.3:
    resolution: {integrity: sha512-z1HGKcYy2xA8AGQfwrn0PAy+PB7X/GSj3UVJW9qKyn43xWa+gl5nXmU4qqLMRzWVLFC8KusUX8T/0kCiOYpAIQ==}
    dev: true

  /detect-libc@2.1.2:
    resolution: {integrity: sha512-Btj2BOOO83o3WyH59e8MgXsxEQVcarkUOpEYrubB0urwnN10yQ364rsiByU11nZlqWYZm05i/of7io4mzihBtQ==}
    engines: {node: '>=8'}
    dev: true

  /emoji-regex@8.0.0:
    resolution: {integrity: sha512-MSjYzcWNOA0ewAHpz0MxpYFvwg6yjy1NG3xteoqz644VCo/RPgnr1/GGt+ic3iJTzQ8Eu3TdM14SawnVUmGE6A==}
    dev: true

  /escalade@3.2.0:
    resolution: {integrity: sha512-WUj2qlxaQtO4g6Pq5c29GTcWGDyd8itL8zTlipgECz3JesAiiOKotd8JU6otB3PACgG6xkJUyVhboMS+bje/jA==}
    engines: {node: '>=6'}
    dev: true

  /fdir@6.5.0(picomatch@4.0.4):
    resolution: {integrity: sha512-tIbYtZbucOs0BRGqPJkshJUYdL+SDH7dVM8gjy+ERp3WAUjLEFJE+02kanyHtwjWOnwrKYBiwAmM0p4kLJAnXg==}
    engines: {node: '>=12.0.0'}
    peerDependencies:
      picomatch: ^3 || ^4
    peerDependenciesMeta:
      picomatch:
        optional: true
    dependencies:
      picomatch: 4.0.4
    dev: true

  /fsevents@2.3.3:
    resolution: {integrity: sha512-5xoDfX+fL7faATnagmWPpbFtwh/R77WmMMqqHGS65C3vvB0YHrgF+B1YmZ3441tMj5n63k0212XNoJwzlhffQw==}
    engines: {node: ^8.16.0 || ^10.6.0 || >=11.0.0}
    os: [darwin]
    requiresBuild: true
    dev: true
    optional: true

  /get-caller-file@2.0.5:
    resolution: {integrity: sha512-DyFP3BM/3YHTQOCUL/w0OZHR0lpKeGrxotcHWcqNEdnltqFwXVfhEBQ94eIo34AfQpo0rGki4cyIiftY06h2Fg==}
    engines: {node: 6.* || 8.* || >= 10.*}
    dev: true

  /graphql@16.13.2:
    resolution: {integrity: sha512-5bJ+nf/UCpAjHM8i06fl7eLyVC9iuNAjm9qzkiu2ZGhM0VscSvS6WDPfAwkdkBuoXGM9FJSbKl6wylMwP9Ktig==}
    engines: {node: ^12.22.0 || ^14.16.0 || ^16.0.0 || >=17.0.0}
    dev: true

  /headers-polyfill@4.0.3:
    resolution: {integrity: sha512-IScLbePpkvO846sIwOtOTDjutRMWdXdJmXdMvk6gCBHxFO8d+QKOQedyZSxFTTFYRSmlgSTDtXqqq4pcenBXLQ==}
    dev: true

  /is-fullwidth-code-point@3.0.0:
    resolution: {integrity: sha512-zymm5+u+sCsSWyD9qNaejV3DFvhCKclKdizYaJUuHA83RLjb7nSuGnddCHGv0hk+KY7BMAlsWeK4Ueg6EV6XQg==}
    engines: {node: '>=8'}
    dev: true

  /is-node-process@1.2.0:
    resolution: {integrity: sha512-Vg4o6/fqPxIjtxgUH5QLJhwZ7gW5diGCVlXpuUfELC62CuxM1iHcRe51f2W1FDy04Ai4KJkagKjx3XaqyfRKXw==}
    dev: true

  /ky@2.0.0:
    resolution: {integrity: sha512-KzI4Vz5AbZFAUFYGx28PCSfFWUo6/qj9Br/P6KRwDieE1xfdz0tIONepJcLw/1xLocN13GgvfJGasa+pfSkbHg==}
    engines: {node: '>=22'}
    dev: false

  /lightningcss-android-arm64@1.32.0:
    resolution: {integrity: sha512-YK7/ClTt4kAK0vo6w3X+Pnm0D2cf2vPHbhOXdoNti1Ga0al1P4TBZhwjATvjNwLEBCnKvjJc2jQgHXH0NEwlAg==}
    engines: {node: '>= 12.0.0'}
    cpu: [arm64]
    os: [android]
    requiresBuild: true
    dev: true
    optional: true

  /lightningcss-darwin-arm64@1.32.0:
    resolution: {integrity: sha512-RzeG9Ju5bag2Bv1/lwlVJvBE3q6TtXskdZLLCyfg5pt+HLz9BqlICO7LZM7VHNTTn/5PRhHFBSjk5lc4cmscPQ==}
    engines: {node: '>= 12.0.0'}
    cpu: [arm64]
    os: [darwin]
    requiresBuild: true
    dev: true
    optional: true

  /lightningcss-darwin-x64@1.32.0:
    resolution: {integrity: sha512-U+QsBp2m/s2wqpUYT/6wnlagdZbtZdndSmut/NJqlCcMLTWp5muCrID+K5UJ6jqD2BFshejCYXniPDbNh73V8w==}
    engines: {node: '>= 12.0.0'}
    cpu: [x64]
    os: [darwin]
    requiresBuild: true
    dev: true
    optional: true

  /lightningcss-freebsd-x64@1.32.0:
    resolution: {integrity: sha512-JCTigedEksZk3tHTTthnMdVfGf61Fky8Ji2E4YjUTEQX14xiy/lTzXnu1vwiZe3bYe0q+SpsSH/CTeDXK6WHig==}
    engines: {node: '>= 12.0.0'}
    cpu: [x64]
    os: [freebsd]
    requiresBuild: true
    dev: true
    optional: true

  /lightningcss-linux-arm-gnueabihf@1.32.0:
    resolution: {integrity: sha512-x6rnnpRa2GL0zQOkt6rts3YDPzduLpWvwAF6EMhXFVZXD4tPrBkEFqzGowzCsIWsPjqSK+tyNEODUBXeeVHSkw==}
    engines: {node: '>= 12.0.0'}
    cpu: [arm]
    os: [linux]
    requiresBuild: true
    dev: true
    optional: true

  /lightningcss-linux-arm64-gnu@1.32.0:
    resolution: {integrity: sha512-0nnMyoyOLRJXfbMOilaSRcLH3Jw5z9HDNGfT/gwCPgaDjnx0i8w7vBzFLFR1f6CMLKF8gVbebmkUN3fa/kQJpQ==}
    engines: {node: '>= 12.0.0'}
    cpu: [arm64]
    os: [linux]
    requiresBuild: true
    dev: true
    optional: true

  /lightningcss-linux-arm64-musl@1.32.0:
    resolution: {integrity: sha512-UpQkoenr4UJEzgVIYpI80lDFvRmPVg6oqboNHfoH4CQIfNA+HOrZ7Mo7KZP02dC6LjghPQJeBsvXhJod/wnIBg==}
    engines: {node: '>= 12.0.0'}
    cpu: [arm64]
    os: [linux]
    requiresBuild: true
    dev: true
    optional: true

  /lightningcss-linux-x64-gnu@1.32.0:
    resolution: {integrity: sha512-V7Qr52IhZmdKPVr+Vtw8o+WLsQJYCTd8loIfpDaMRWGUZfBOYEJeyJIkqGIDMZPwPx24pUMfwSxxI8phr/MbOA==}
    engines: {node: '>= 12.0.0'}
    cpu: [x64]
    os: [linux]
    requiresBuild: true
    dev: true
    optional: true

  /lightningcss-linux-x64-musl@1.32.0:
    resolution: {integrity: sha512-bYcLp+Vb0awsiXg/80uCRezCYHNg1/l3mt0gzHnWV9XP1W5sKa5/TCdGWaR/zBM2PeF/HbsQv/j2URNOiVuxWg==}
    engines: {node: '>= 12.0.0'}
    cpu: [x64]
    os: [linux]
    requiresBuild: true
    dev: true
    optional: true

  /lightningcss-win32-arm64-msvc@1.32.0:
    resolution: {integrity: sha512-8SbC8BR40pS6baCM8sbtYDSwEVQd4JlFTOlaD3gWGHfThTcABnNDBda6eTZeqbofalIJhFx0qKzgHJmcPTnGdw==}
    engines: {node: '>= 12.0.0'}
    cpu: [arm64]
    os: [win32]
    requiresBuild: true
    dev: true
    optional: true

  /lightningcss-win32-x64-msvc@1.32.0:
    resolution: {integrity: sha512-Amq9B/SoZYdDi1kFrojnoqPLxYhQ4Wo5XiL8EVJrVsB8ARoC1PWW6VGtT0WKCemjy8aC+louJnjS7U18x3b06Q==}
    engines: {node: '>= 12.0.0'}
    cpu: [x64]
    os: [win32]
    requiresBuild: true
    dev: true
    optional: true

  /lightningcss@1.32.0:
    resolution: {integrity: sha512-NXYBzinNrblfraPGyrbPoD19C1h9lfI/1mzgWYvXUTe414Gz/X1FD2XBZSZM7rRTrMA8JL3OtAaGifrIKhQ5yQ==}
    engines: {node: '>= 12.0.0'}
    dependencies:
      detect-libc: 2.1.2
    optionalDependencies:
      lightningcss-android-arm64: 1.32.0
      lightningcss-darwin-arm64: 1.32.0
      lightningcss-darwin-x64: 1.32.0
      lightningcss-freebsd-x64: 1.32.0
      lightningcss-linux-arm-gnueabihf: 1.32.0
      lightningcss-linux-arm64-gnu: 1.32.0
      lightningcss-linux-arm64-musl: 1.32.0
      lightningcss-linux-x64-gnu: 1.32.0
      lightningcss-linux-x64-musl: 1.32.0
      lightningcss-win32-arm64-msvc: 1.32.0
      lightningcss-win32-x64-msvc: 1.32.0
    dev: true

  /msw@2.13.2(@types/node@25.6.0)(typescript@5.9.3):
    resolution: {integrity: sha512-go2H1TIERKkC48pXiwec5l6sbNqYuvqOk3/vHGo1Zd+pq/H63oFawDQerH+WQdUw/flJFHDG7F+QdWMwhntA/A==}
    engines: {node: '>=18'}
    hasBin: true
    requiresBuild: true
    peerDependencies:
      typescript: '>= 4.8.x'
    peerDependenciesMeta:
      typescript:
        optional: true
    dependencies:
      '@inquirer/confirm': 5.1.21(@types/node@25.6.0)
      '@mswjs/interceptors': 0.41.3
      '@open-draft/deferred-promise': 2.2.0
      '@types/statuses': 2.0.6
      cookie: 1.1.1
      graphql: 16.13.2
      headers-polyfill: 4.0.3
      is-node-process: 1.2.0
      outvariant: 1.4.3
      path-to-regexp: 6.3.0
      picocolors: 1.1.1
      rettime: 0.10.1
      statuses: 2.0.2
      strict-event-emitter: 0.5.1
      tough-cookie: 6.0.1
      type-fest: 5.5.0
      typescript: 5.9.3
      until-async: 3.0.2
      yargs: 17.7.2
    transitivePeerDependencies:
      - '@types/node'
    dev: true

  /mute-stream@2.0.0:
    resolution: {integrity: sha512-WWdIxpyjEn+FhQJQQv9aQAYlHoNVdzIzUySNV1gHUPDSdZJ3yZn7pAAbQcV7B56Mvu881q9FZV+0Vx2xC44VWA==}
    engines: {node: ^18.17.0 || >=20.5.0}
    dev: true

  /nanoid@3.3.11:
    resolution: {integrity: sha512-N8SpfPUnUp1bK+PMYW8qSWdl9U+wwNWI4QKxOYDy9JAro3WMX7p2OeVRF9v+347pnakNevPmiHhNmZ2HbFA76w==}
    engines: {node: ^10 || ^12 || ^13.7 || ^14 || >=15.0.1}
    hasBin: true
    dev: true

  /outvariant@1.4.3:
    resolution: {integrity: sha512-+Sl2UErvtsoajRDKCE5/dBz4DIvHXQQnAxtQTF04OJxY0+DyZXSo5P5Bb7XYWOh81syohlYL24hbDwxedPUJCA==}
    dev: true

  /path-to-regexp@6.3.0:
    resolution: {integrity: sha512-Yhpw4T9C6hPpgPeA28us07OJeqZ5EzQTkbfwuhsUg0c237RomFoETJgmp2sa3F/41gfLE6G5cqcYwznmeEeOlQ==}
    dev: true

  /picocolors@1.1.1:
    resolution: {integrity: sha512-xceH2snhtb5M9liqDsmEw56le376mTZkEX/jEb/RxNFyegNul7eNslCXP9FDj/Lcu0X8KEyMceP2ntpaHrDEVA==}
    dev: true

  /picomatch@4.0.4:
    resolution: {integrity: sha512-QP88BAKvMam/3NxH6vj2o21R6MjxZUAd6nlwAS/pnGvN9IVLocLHxGYIzFhg6fUQ+5th6P4dv4eW9jX3DSIj7A==}
    engines: {node: '>=12'}
    dev: true

  /postcss@8.5.9:
    resolution: {integrity: sha512-7a70Nsot+EMX9fFU3064K/kdHWZqGVY+BADLyXc8Dfv+mTLLVl6JzJpPaCZ2kQL9gIJvKXSLMHhqdRRjwQeFtw==}
    engines: {node: ^10 || ^12 || >=14}
    dependencies:
      nanoid: 3.3.11
      picocolors: 1.1.1
      source-map-js: 1.2.1
    dev: true

  /react-dom@19.2.5(react@19.2.5):
    resolution: {integrity: sha512-J5bAZz+DXMMwW/wV3xzKke59Af6CHY7G4uYLN1OvBcKEsWOs4pQExj86BBKamxl/Ik5bx9whOrvBlSDfWzgSag==}
    peerDependencies:
      react: ^19.2.5
    dependencies:
      react: 19.2.5
      scheduler: 0.27.0
    dev: false

  /react-router-dom@7.14.0(react-dom@19.2.5)(react@19.2.5):
    resolution: {integrity: sha512-2G3ajSVSZMEtmTjIklRWlNvo8wICEpLihfD/0YMDxbWK2UyP5EGfnoIn9AIQGnF3G/FX0MRbHXdFcD+rL1ZreQ==}
    engines: {node: '>=20.0.0'}
    peerDependencies:
      react: '>=18'
      react-dom: '>=18'
    dependencies:
      react: 19.2.5
      react-dom: 19.2.5(react@19.2.5)
      react-router: 7.14.0(react-dom@19.2.5)(react@19.2.5)
    dev: false

  /react-router@7.14.0(react-dom@19.2.5)(react@19.2.5):
    resolution: {integrity: sha512-m/xR9N4LQLmAS0ZhkY2nkPA1N7gQ5TUVa5n8TgANuDTARbn1gt+zLPXEm7W0XDTbrQ2AJSJKhoa6yx1D8BcpxQ==}
    engines: {node: '>=20.0.0'}
    peerDependencies:
      react: '>=18'
      react-dom: '>=18'
    peerDependenciesMeta:
      react-dom:
        optional: true
    dependencies:
      cookie: 1.1.1
      react: 19.2.5
      react-dom: 19.2.5(react@19.2.5)
      set-cookie-parser: 2.7.2
    dev: false

  /react@19.2.5:
    resolution: {integrity: sha512-llUJLzz1zTUBrskt2pwZgLq59AemifIftw4aB7JxOqf1HY2FDaGDxgwpAPVzHU1kdWabH7FauP4i1oEeer2WCA==}
    engines: {node: '>=0.10.0'}

  /require-directory@2.1.1:
    resolution: {integrity: sha512-fGxEI7+wsG9xrvdjsrlmL22OMTTiHRwAMroiEeMgq8gzoLC/PQr7RsRDSTLUg/bZAZtF+TVIkHc6/4RIKrui+Q==}
    engines: {node: '>=0.10.0'}
    dev: true

  /rettime@0.10.1:
    resolution: {integrity: sha512-uyDrIlUEH37cinabq0AX4QbgV4HbFZ/gqoiunWQ1UqBtRvTTytwhNYjE++pO/MjPTZL5KQCf2bEoJ/BJNVQ5Kw==}
    dev: true

  /rolldown@1.0.0-rc.15:
    resolution: {integrity: sha512-Ff31guA5zT6WjnGp0SXw76X6hzGRk/OQq2hE+1lcDe+lJdHSgnSX6nK3erbONHyCbpSj9a9E+uX/OvytZoWp2g==}
    engines: {node: ^20.19.0 || >=22.12.0}
    hasBin: true
    dependencies:
      '@oxc-project/types': 0.124.0
      '@rolldown/pluginutils': 1.0.0-rc.15
    optionalDependencies:
      '@rolldown/binding-android-arm64': 1.0.0-rc.15
      '@rolldown/binding-darwin-arm64': 1.0.0-rc.15
      '@rolldown/binding-darwin-x64': 1.0.0-rc.15
      '@rolldown/binding-freebsd-x64': 1.0.0-rc.15
      '@rolldown/binding-linux-arm-gnueabihf': 1.0.0-rc.15
      '@rolldown/binding-linux-arm64-gnu': 1.0.0-rc.15
      '@rolldown/binding-linux-arm64-musl': 1.0.0-rc.15
      '@rolldown/binding-linux-ppc64-gnu': 1.0.0-rc.15
      '@rolldown/binding-linux-s390x-gnu': 1.0.0-rc.15
      '@rolldown/binding-linux-x64-gnu': 1.0.0-rc.15
      '@rolldown/binding-linux-x64-musl': 1.0.0-rc.15
      '@rolldown/binding-openharmony-arm64': 1.0.0-rc.15
      '@rolldown/binding-wasm32-wasi': 1.0.0-rc.15
      '@rolldown/binding-win32-arm64-msvc': 1.0.0-rc.15
      '@rolldown/binding-win32-x64-msvc': 1.0.0-rc.15
    dev: true

  /scheduler@0.27.0:
    resolution: {integrity: sha512-eNv+WrVbKu1f3vbYJT/xtiF5syA5HPIMtf9IgY/nKg0sWqzAUEvqY/xm7OcZc/qafLx/iO9FgOmeSAp4v5ti/Q==}
    dev: false

  /set-cookie-parser@2.7.2:
    resolution: {integrity: sha512-oeM1lpU/UvhTxw+g3cIfxXHyJRc/uidd3yK1P242gzHds0udQBYzs3y8j4gCCW+ZJ7ad0yctld8RYO+bdurlvw==}
    dev: false

  /signal-exit@4.1.0:
    resolution: {integrity: sha512-bzyZ1e88w9O1iNJbKnOlvYTrWPDl46O1bG0D3XInv+9tkPrxrN8jUUTiFlDkkmKWgn1M6CfIA13SuGqOa9Korw==}
    engines: {node: '>=14'}
    dev: true

  /source-map-js@1.2.1:
    resolution: {integrity: sha512-UXWMKhLOwVKb728IUtQPXxfYU+usdybtUrK/8uGE8CQMvrhOpwvzDBwj0QhSL7MQc7vIsISBG8VQ8+IDQxpfQA==}
    engines: {node: '>=0.10.0'}
    dev: true

  /statuses@2.0.2:
    resolution: {integrity: sha512-DvEy55V3DB7uknRo+4iOGT5fP1slR8wQohVdknigZPMpMstaKJQWhwiYBACJE3Ul2pTnATihhBYnRhZQHGBiRw==}
    engines: {node: '>= 0.8'}
    dev: true

  /strict-event-emitter@0.5.1:
    resolution: {integrity: sha512-vMgjE/GGEPEFnhFub6pa4FmJBRBVOLpIII2hvCZ8Kzb7K0hlHo7mQv6xYrBvCL2LtAIBwFUK8wvuJgTVSQ5MFQ==}
    dev: true

  /string-width@4.2.3:
    resolution: {integrity: sha512-wKyQRQpjJ0sIp62ErSZdGsjMJWsap5oRNihHhu6G7JVO/9jIB6UyevL+tXuOqrng8j/cxKTWyWUwvSTriiZz/g==}
    engines: {node: '>=8'}
    dependencies:
      emoji-regex: 8.0.0
      is-fullwidth-code-point: 3.0.0
      strip-ansi: 6.0.1
    dev: true

  /strip-ansi@6.0.1:
    resolution: {integrity: sha512-Y38VPSHcqkFrCpFnQ9vuSXmquuv5oXOKpGeT6aGrr3o3Gc9AlVa6JBfUSOCnbxGGZF+/0ooI7KrPuUSztUdU5A==}
    engines: {node: '>=8'}
    dependencies:
      ansi-regex: 5.0.1
    dev: true

  /tagged-tag@1.0.0:
    resolution: {integrity: sha512-yEFYrVhod+hdNyx7g5Bnkkb0G6si8HJurOoOEgC8B/O0uXLHlaey/65KRv6cuWBNhBgHKAROVpc7QyYqE5gFng==}
    engines: {node: '>=20'}
    dev: true

  /tinyglobby@0.2.16:
    resolution: {integrity: sha512-pn99VhoACYR8nFHhxqix+uvsbXineAasWm5ojXoN8xEwK5Kd3/TrhNn1wByuD52UxWRLy8pu+kRMniEi6Eq9Zg==}
    engines: {node: '>=12.0.0'}
    dependencies:
      fdir: 6.5.0(picomatch@4.0.4)
      picomatch: 4.0.4
    dev: true

  /tldts-core@7.0.28:
    resolution: {integrity: sha512-7W5Efjhsc3chVdFhqtaU0KtK32J37Zcr9RKtID54nG+tIpcY79CQK/veYPODxtD/LJ4Lue66jvrQzIX2Z2/pUQ==}
    dev: true

  /tldts@7.0.28:
    resolution: {integrity: sha512-+Zg3vWhRUv8B1maGSTFdev9mjoo8Etn2Ayfs4cnjlD3CsGkxXX4QyW3j2WJ0wdjYcYmy7Lx2RDsZMhgCWafKIw==}
    hasBin: true
    dependencies:
      tldts-core: 7.0.28
    dev: true

  /tough-cookie@6.0.1:
    resolution: {integrity: sha512-LktZQb3IeoUWB9lqR5EWTHgW/VTITCXg4D21M+lvybRVdylLrRMnqaIONLVb5mav8vM19m44HIcGq4qASeu2Qw==}
    engines: {node: '>=16'}
    dependencies:
      tldts: 7.0.28
    dev: true

  /tslib@2.8.1:
    resolution: {integrity: sha512-oJFu94HQb+KVduSUQL7wnpmqnfmLsOA/nAh6b6EH0wCEoK0/mPeXU6c3wKDV83MkOuHPRHtSXKKU99IBazS/2w==}
    requiresBuild: true
    dev: true
    optional: true

  /type-fest@5.5.0:
    resolution: {integrity: sha512-PlBfpQwiUvGViBNX84Yxwjsdhd1TUlXr6zjX7eoirtCPIr08NAmxwa+fcYBTeRQxHo9YC9wwF3m9i700sHma8g==}
    engines: {node: '>=20'}
    dependencies:
      tagged-tag: 1.0.0
    dev: true

  /typescript@5.9.3:
    resolution: {integrity: sha512-jl1vZzPDinLr9eUt3J/t7V6FgNEw9QjvBPdysz9KfQDD41fQrC2Y4vKQdiaUpFT4bXlb1RHhLpp8wtm6M5TgSw==}
    engines: {node: '>=14.17'}
    hasBin: true
    dev: true

  /undici-types@7.19.2:
    resolution: {integrity: sha512-qYVnV5OEm2AW8cJMCpdV20CDyaN3g0AjDlOGf1OW4iaDEx8MwdtChUp4zu4H0VP3nDRF/8RKWH+IPp9uW0YGZg==}
    dev: true

  /until-async@3.0.2:
    resolution: {integrity: sha512-IiSk4HlzAMqTUseHHe3VhIGyuFmN90zMTpD3Z3y8jeQbzLIq500MVM7Jq2vUAnTKAFPJrqwkzr6PoTcPhGcOiw==}
    dev: true

  /vite@8.0.8(@types/node@25.6.0):
    resolution: {integrity: sha512-dbU7/iLVa8KZALJyLOBOQ88nOXtNG8vxKuOT4I2mD+Ya70KPceF4IAmDsmU0h1Qsn5bPrvsY9HJstCRh3hG6Uw==}
    engines: {node: ^20.19.0 || >=22.12.0}
    hasBin: true
    peerDependencies:
      '@types/node': ^20.19.0 || >=22.12.0
      '@vitejs/devtools': ^0.1.0
      esbuild: ^0.27.0 || ^0.28.0
      jiti: '>=1.21.0'
      less: ^4.0.0
      sass: ^1.70.0
      sass-embedded: ^1.70.0
      stylus: '>=0.54.8'
      sugarss: ^5.0.0
      terser: ^5.16.0
      tsx: ^4.8.1
      yaml: ^2.4.2
    peerDependenciesMeta:
      '@types/node':
        optional: true
      '@vitejs/devtools':
        optional: true
      esbuild:
        optional: true
      jiti:
        optional: true
      less:
        optional: true
      sass:
        optional: true
      sass-embedded:
        optional: true
      stylus:
        optional: true
      sugarss:
        optional: true
      terser:
        optional: true
      tsx:
        optional: true
      yaml:
        optional: true
    dependencies:
      '@types/node': 25.6.0
      lightningcss: 1.32.0
      picomatch: 4.0.4
      postcss: 8.5.9
      rolldown: 1.0.0-rc.15
      tinyglobby: 0.2.16
    optionalDependencies:
      fsevents: 2.3.3
    dev: true

  /wrap-ansi@6.2.0:
    resolution: {integrity: sha512-r6lPcBGxZXlIcymEu7InxDMhdW0KDxpLgoFLcguasxCaJ/SOIZwINatK9KY/tf+ZrlywOKU0UDj3ATXUBfxJXA==}
    engines: {node: '>=8'}
    dependencies:
      ansi-styles: 4.3.0
      string-width: 4.2.3
      strip-ansi: 6.0.1
    dev: true

  /wrap-ansi@7.0.0:
    resolution: {integrity: sha512-YVGIj2kamLSTxw6NsZjoBxfSwsn0ycdesmc4p+Q21c5zPuZ1pl+NfxVdxPtdHvmNVOQ6XSYG4AUtyt/Fi7D16Q==}
    engines: {node: '>=10'}
    dependencies:
      ansi-styles: 4.3.0
      string-width: 4.2.3
      strip-ansi: 6.0.1
    dev: true

  /y18n@5.0.8:
    resolution: {integrity: sha512-0pfFzegeDWJHJIAmTLRP2DwHjdF5s7jo9tuztdQxAhINCdvS+3nGINqPd00AphqJR/0LhANUS6/+7SCb98YOfA==}
    engines: {node: '>=10'}
    dev: true

  /yargs-parser@21.1.1:
    resolution: {integrity: sha512-tVpsJW7DdjecAiFpbIB1e3qxIQsE6NoPc5/eTdrbbIC4h0LVsWhnoa3g+m2HclBIujHzsxZ4VJVA+GUuc2/LBw==}
    engines: {node: '>=12'}
    dev: true

  /yargs@17.7.2:
    resolution: {integrity: sha512-7dSzzRQ++CKnNI/krKnYRV7JKKPUXMEh61soaHKg9mrWEhzFWhFnxPxGl+69cD1Ou63C13NUPCnmIcrvqCuM6w==}
    engines: {node: '>=12'}
    dependencies:
      cliui: 8.0.1
      escalade: 3.2.0
      get-caller-file: 2.0.5
      require-directory: 2.1.1
      string-width: 4.2.3
      y18n: 5.0.8
      yargs-parser: 21.1.1
    dev: true

  /yoctocolors-cjs@2.1.3:
    resolution: {integrity: sha512-U/PBtDf35ff0D8X8D0jfdzHYEPFxAI7jJlxZXwCSez5M3190m+QobIfh+sWDWSHMCWWJN2AWamkegn6vr6YBTw==}
    engines: {node: '>=18'}
    dev: true

  /zod@4.3.6:
    resolution: {integrity: sha512-rftlrkhHZOcjDwkGlnUtZZkvaPHCsDATp4pGpuOOMDaTdDDXF91wuVDJoWoPsKX/3YPQ5fHuF3STjcYyKr+Qhg==}
    dev: false
